
Microsoft Visual Studio Solution File, Format Version 12.00
Project("{2150E333-8FDC-42A3-9474-1A3956D46DE8}") = "SolutionItems", "SolutionItems", "{F9F0F574-1E2E-4C47-9655-AB208372E12C}"
	ProjectSection(SolutionItems) = preProject
		compose.yml = compose.yml
		README.md = README.md
		.dockerignore = .dockerignore
		.gitignore = .gitignore
		init\auth-api.json = init\auth-api.json
	EndProjectSection
EndProject
Project("{FAE04EC0-301F-11D3-BF4B-00C04F79EFBC}") = "Retro.Ads.Admin", "services\ads-admin-api\Retro.Ads.Admin.csproj", "{422CF5F3-0F06-44E5-AB4B-D1675E9E5C4A}"
EndProject
Project("{FAE04EC0-301F-11D3-BF4B-00C04F79EFBC}") = "Retro.Ads", "services\ads-api\Retro.Ads.csproj", "{164BAC3E-9ED8-4695-80D9-DFD122947121}"
EndProject
Project("{FAE04EC0-301F-11D3-BF4B-00C04F79EFBC}") = "Retro.Cart", "services\cart-api\Retro.Cart.csproj", "{0DD64B80-98E1-4229-911D-E41D7A5435AA}"
EndProject
Project("{FAE04EC0-301F-11D3-BF4B-00C04F79EFBC}") = "Retro.Greeter", "services\hellooo-api\Retro.Greeter.csproj", "{3765D647-AD25-4FD9-B7A0-14B8A5CEE37E}"
EndProject
Project("{FAE04EC0-301F-11D3-BF4B-00C04F79EFBC}") = "Retro.Orders", "services\orders-api\Retro.Orders.csproj", "{9AEBB366-1332-4329-80FC-9AD6F6C0E073}"
EndProject
Project("{FAE04EC0-301F-11D3-BF4B-00C04F79EFBC}") = "Retro.Payments", "services\pay-me-api\Retro.Payments.csproj", "{09DCA64D-22E8-4072-80D6-ABE8D0D0B365}"
EndProject
Project("{FAE04EC0-301F-11D3-BF4B-00C04F79EFBC}") = "Retro.Profile", "services\profile-api\Retro.Profile.csproj", "{3487F2CC-05BB-45AB-B352-6033784BFBDB}"
EndProject
Project("{FAE04EC0-301F-11D3-BF4B-00C04F79EFBC}") = "Retro.Stock", "services\stock-api\Retro.Stock.csproj", "{B805BB46-4F91-417B-AD61-6465D6EAD210}"
EndProject
Project("{FAE04EC0-301F-11D3-BF4B-00C04F79EFBC}") = "Retro.Auth", "services\auth-api\Retro.Auth.csproj", "{8D770CCF-625E-4985-8B8C-680B95502A7F}"
EndProject
Global
	GlobalSection(SolutionConfigurationPlatforms) = preSolution
		Debug|Any CPU = Debug|Any CPU
		Release|Any CPU = Release|Any CPU
	EndGlobalSection
	GlobalSection(ProjectConfigurationPlatforms) = postSolution
		{422CF5F3-0F06-44E5-AB4B-D1675E9E5C4A}.Debug|Any CPU.ActiveCfg = Debug|Any CPU
		{422CF5F3-0F06-44E5-AB4B-D1675E9E5C4A}.Debug|Any CPU.Build.0 = Debug|Any CPU
		{422CF5F3-0F06-44E5-AB4B-D1675E9E5C4A}.Release|Any CPU.ActiveCfg = Release|Any CPU
		{422CF5F3-0F06-44E5-AB4B-D1675E9E5C4A}.Release|Any CPU.Build.0 = Release|Any CPU
		{164BAC3E-9ED8-4695-80D9-DFD122947121}.Debug|Any CPU.ActiveCfg = Debug|Any CPU
		{164BAC3E-9ED8-4695-80D9-DFD122947121}.Debug|Any CPU.Build.0 = Debug|Any CPU
		{164BAC3E-9ED8-4695-80D9-DFD122947121}.Release|Any CPU.ActiveCfg = Release|Any CPU
		{164BAC3E-9ED8-4695-80D9-DFD122947121}.Release|Any CPU.Build.0 = Release|Any CPU
		{0DD64B80-98E1-4229-911D-E41D7A5435AA}.Debug|Any CPU.ActiveCfg = Debug|Any CPU
		{0DD64B80-98E1-4229-911D-E41D7A5435AA}.Debug|Any CPU.Build.0 = Debug|Any CPU
		{0DD64B80-98E1-4229-911D-E41D7A5435AA}.Release|Any CPU.ActiveCfg = Release|Any CPU
		{0DD64B80-98E1-4229-911D-E41D7A5435AA}.Release|Any CPU.Build.0 = Release|Any CPU
		{3765D647-AD25-4FD9-B7A0-14B8A5CEE37E}.Debug|Any CPU.ActiveCfg = Debug|Any CPU
		{3765D647-AD25-4FD9-B7A0-14B8A5CEE37E}.Debug|Any CPU.Build.0 = Debug|Any CPU
		{3765D647-AD25-4FD9-B7A0-14B8A5CEE37E}.Release|Any CPU.ActiveCfg = Release|Any CPU
		{3765D647-AD25-4FD9-B7A0-14B8A5CEE37E}.Release|Any CPU.Build.0 = Release|Any CPU
		{9AEBB366-1332-4329-80FC-9AD6F6C0E073}.Debug|Any CPU.ActiveCfg = Debug|Any CPU
		{9AEBB366-1332-4329-80FC-9AD6F6C0E073}.Debug|Any CPU.Build.0 = Debug|Any CPU
		{9AEBB366-1332-4329-80FC-9AD6F6C0E073}.Release|Any CPU.ActiveCfg = Release|Any CPU
		{9AEBB366-1332-4329-80FC-9AD6F6C0E073}.Release|Any CPU.Build.0 = Release|Any CPU
		{09DCA64D-22E8-4072-80D6-ABE8D0D0B365}.Debug|Any CPU.ActiveCfg = Debug|Any CPU
		{09DCA64D-22E8-4072-80D6-ABE8D0D0B365}.Debug|Any CPU.Build.0 = Debug|Any CPU
		{09DCA64D-22E8-4072-80D6-ABE8D0D0B365}.Release|Any CPU.ActiveCfg = Release|Any CPU
		{09DCA64D-22E8-4072-80D6-ABE8D0D0B365}.Release|Any CPU.Build.0 = Release|Any CPU
		{3487F2CC-05BB-45AB-B352-6033784BFBDB}.Debug|Any CPU.ActiveCfg = Debug|Any CPU
		{3487F2CC-05BB-45AB-B352-6033784BFBDB}.Debug|Any CPU.Build.0 = Debug|Any CPU
		{3487F2CC-05BB-45AB-B352-6033784BFBDB}.Release|Any CPU.ActiveCfg = Release|Any CPU
		{3487F2CC-05BB-45AB-B352-6033784BFBDB}.Release|Any CPU.Build.0 = Release|Any CPU
		{B805BB46-4F91-417B-AD61-6465D6EAD210}.Debug|Any CPU.ActiveCfg = Debug|Any CPU
		{B805BB46-4F91-417B-AD61-6465D6EAD210}.Debug|Any CPU.Build.0 = Debug|Any CPU
		{B805BB46-4F91-417B-AD61-6465D6EAD210}.Release|Any CPU.ActiveCfg = Release|Any CPU
		{B805BB46-4F91-417B-AD61-6465D6EAD210}.Release|Any CPU.Build.0 = Release|Any CPU
		{8D770CCF-625E-4985-8B8C-680B95502A7F}.Debug|Any CPU.ActiveCfg = Debug|Any CPU
		{8D770CCF-625E-4985-8B8C-680B95502A7F}.Debug|Any CPU.Build.0 = Debug|Any CPU
		{8D770CCF-625E-4985-8B8C-680B95502A7F}.Release|Any CPU.ActiveCfg = Release|Any CPU
		{8D770CCF-625E-4985-8B8C-680B95502A7F}.Release|Any CPU.Build.0 = Release|Any CPU
	EndGlobalSection
	GlobalSection(NestedProjects) = preSolution
	EndGlobalSection
EndGlobal
