
Microsoft Visual Studio Solution File, Format Version 12.00
Project("{2150E333-8FDC-42A3-9474-1A3956D46DE8}") = "SolutionItems", "SolutionItems", "{F9F0F574-1E2E-4C47-9655-AB208372E12C}"
	ProjectSection(SolutionItems) = preProject
		compose.yml = compose.yml
		.gitignore = .gitignore
		.dockerignore = .dockerignore
	EndProjectSection
EndProject
Project("{FAE04EC0-301F-11D3-BF4B-00C04F79EFBC}") = "Retro.Ads.Admin", "services\ads-admin-api\Retro.Ads.Admin.csproj", "{422CF5F3-0F06-44E5-AB4B-D1675E9E5C4A}"
EndProject
Project("{FAE04EC0-301F-11D3-BF4B-00C04F79EFBC}") = "Retro.Ads", "services\ads-api\Retro.Ads.csproj", "{164BAC3E-9ED8-4695-80D9-DFD122947121}"
EndProject
Project("{FAE04EC0-301F-11D3-BF4B-00C04F79EFBC}") = "Retro.Cart", "services\cart-api\Retro.Cart.csproj", "{0DD64B80-98E1-4229-911D-E41D7A5435AA}"
EndProject
Project("{FAE04EC0-301F-11D3-BF4B-00C04F79EFBC}") = "Retro.Greeter", "services\hellooo-api\Retro.Greeter.csproj", "{3765D647-AD25-4FD9-B7A0-14B8A5CEE37E}"
EndProject
Project("{FAE04EC0-301F-11D3-BF4B-00C04F79EFBC}") = "Retro.Orders", "services\orders-api\Retro.Orders.csproj", "{9AEBB366-1332-4329-80FC-9AD6F6C0E073}"
EndProject
Project("{FAE04EC0-301F-11D3-BF4B-00C04F79EFBC}") = "Retro.Payments", "services\pay-me-api\Retro.Payments.csproj", "{09DCA64D-22E8-4072-80D6-ABE8D0D0B365}"
EndProject
Project("{FAE04EC0-301F-11D3-BF4B-00C04F79EFBC}") = "Retro.Profile", "services\profile-api\Retro.Profile.csproj", "{3487F2CC-05BB-45AB-B352-6033784BFBDB}"
EndProject
Project("{FAE04EC0-301F-11D3-BF4B-00C04F79EFBC}") = "Retro.Stock", "services\stock-api\Retro.Stock.csproj", "{B805BB46-4F91-417B-AD61-6465D6EAD210}"
EndProject
Project("{FAE04EC0-301F-11D3-BF4B-00C04F79EFBC}") = "Retro.Configuration", "services\common\Retro.Configuration\Retro.Configuration.csproj", "{E4F92451-5DC3-412E-9A1E-13C9F35361BD}"
EndProject
Project("{2150E333-8FDC-42A3-9474-1A3956D46DE8}") = "Common", "Common", "{03763A92-63B0-4FAB-977C-912970FBD71A}"
EndProject
Project("{2150E333-8FDC-42A3-9474-1A3956D46DE8}") = "Configuration", "Configuration", "{3063632E-4C4F-4123-BF37-770D052EF458}"
	ProjectSection(SolutionItems) = preProject
		init\ads-api.json = init\ads-api.json
		init\cart-api.json = init\cart-api.json
		init\greeter-api.json = init\greeter-api.json
		init\order-api.json = init\order-api.json
		init\payments-api.json = init\payments-api.json
		init\stock-api.json = init\stock-api.json
		init\ads-admin.json = init\ads-admin.json
		init\yarp.json = init\yarp.json
		init\keycloak-realm.json = init\keycloak-realm.json
		init\keycloak-realm-client.json = init\keycloak-realm-client.json
		init\keycloak-realm-user.json = init\keycloak-realm-user.json
	EndProjectSection
EndProject
Project("{FAE04EC0-301F-11D3-BF4B-00C04F79EFBC}") = "Retro.Seeder", "services\retro-seeder\Retro.Seeder.csproj", "{9B5D1ED1-6FDD-455E-AFBD-2B3E8CB7099F}"
EndProject
Project("{FAE04EC0-301F-11D3-BF4B-00C04F79EFBC}") = "Retro.Http", "services\common\Retro.Http\Retro.Http.csproj", "{6E4CE906-06A1-41F8-ACBB-FFEC81A561D5}"
EndProject
Project("{FAE04EC0-301F-11D3-BF4B-00C04F79EFBC}") = "Retro.Yarp", "services\proxy-api\Retro.Yarp.csproj", "{7A09C4ED-9BA0-44CE-ADD8-5EB09E99F079}"
EndProject
Project("{FAE04EC0-301F-11D3-BF4B-00C04F79EFBC}") = "Retro", "services\common\Retro\Retro.csproj", "{C6E02144-991E-4F18-866A-7B376D208AD9}"
EndProject
Project("{2150E333-8FDC-42A3-9474-1A3956D46DE8}") = "StockManagement", "StockManagement", "{BA381B55-1E4F-4CF7-A38C-DACCCEA05D3F}"
EndProject
Project("{FAE04EC0-301F-11D3-BF4B-00C04F79EFBC}") = "Retro.Stock.Contracts", "services\libs\Retro.Stock.Contracts\Retro.Stock.Contracts.csproj", "{F3BA0CC5-1E4A-445A-9C44-76D41A8CF402}"
EndProject
Project("{FAE04EC0-301F-11D3-BF4B-00C04F79EFBC}") = "Retro.Persistence.Mongo", "services\common\Retro.Persistence.Mongo\Retro.Persistence.Mongo.csproj", "{834D03E9-1E15-477B-8A1B-CF12F4B980AA}"
EndProject
Project("{FAE04EC0-301F-11D3-BF4B-00C04F79EFBC}") = "Retro.Stock.Domain", "services\libs\Retro.Stock.Domain\Retro.Stock.Domain.csproj", "{C2F1A373-BAD3-469A-B313-9B2D4B1DC55D}"
EndProject
Project("{FAE04EC0-301F-11D3-BF4B-00C04F79EFBC}") = "Retro.Stock.Infrastructure", "services\libs\Retro.Stock.Infrastructure\Retro.Stock.Infrastructure.csproj", "{E702005D-975E-4EE9-BB03-78F18224261D}"
EndProject
Project("{2150E333-8FDC-42A3-9474-1A3956D46DE8}") = "Proxy", "Proxy", "{30AD71A4-24CB-418B-906D-DA78DB326335}"
	ProjectSection(SolutionItems) = preProject
		services\proxy-api\README.md = services\proxy-api\README.md
	EndProjectSection
EndProject
Project("{2150E333-8FDC-42A3-9474-1A3956D46DE8}") = "Docs", "Docs", "{CE0D36CB-0749-4595-A666-C5E45ADD03BA}"
	ProjectSection(SolutionItems) = preProject
		README.md = README.md
		docs\assets\retro-shop-infra.png = docs\assets\retro-shop-infra.png
		docs\grads-2025.drawio = docs\grads-2025.drawio
	EndProjectSection
EndProject
Project("{2150E333-8FDC-42A3-9474-1A3956D46DE8}") = "Seeders", "Seeders", "{0B67D126-F056-4B3A-87B4-ACD195C91E0A}"
EndProject
Global
	GlobalSection(SolutionConfigurationPlatforms) = preSolution
		Debug|Any CPU = Debug|Any CPU
		Release|Any CPU = Release|Any CPU
	EndGlobalSection
	GlobalSection(ProjectConfigurationPlatforms) = postSolution
		{422CF5F3-0F06-44E5-AB4B-D1675E9E5C4A}.Debug|Any CPU.ActiveCfg = Debug|Any CPU
		{422CF5F3-0F06-44E5-AB4B-D1675E9E5C4A}.Debug|Any CPU.Build.0 = Debug|Any CPU
		{422CF5F3-0F06-44E5-AB4B-D1675E9E5C4A}.Release|Any CPU.ActiveCfg = Release|Any CPU
		{422CF5F3-0F06-44E5-AB4B-D1675E9E5C4A}.Release|Any CPU.Build.0 = Release|Any CPU
		{164BAC3E-9ED8-4695-80D9-DFD122947121}.Debug|Any CPU.ActiveCfg = Debug|Any CPU
		{164BAC3E-9ED8-4695-80D9-DFD122947121}.Debug|Any CPU.Build.0 = Debug|Any CPU
		{164BAC3E-9ED8-4695-80D9-DFD122947121}.Release|Any CPU.ActiveCfg = Release|Any CPU
		{164BAC3E-9ED8-4695-80D9-DFD122947121}.Release|Any CPU.Build.0 = Release|Any CPU
		{0DD64B80-98E1-4229-911D-E41D7A5435AA}.Debug|Any CPU.ActiveCfg = Debug|Any CPU
		{0DD64B80-98E1-4229-911D-E41D7A5435AA}.Debug|Any CPU.Build.0 = Debug|Any CPU
		{0DD64B80-98E1-4229-911D-E41D7A5435AA}.Release|Any CPU.ActiveCfg = Release|Any CPU
		{0DD64B80-98E1-4229-911D-E41D7A5435AA}.Release|Any CPU.Build.0 = Release|Any CPU
		{3765D647-AD25-4FD9-B7A0-14B8A5CEE37E}.Debug|Any CPU.ActiveCfg = Debug|Any CPU
		{3765D647-AD25-4FD9-B7A0-14B8A5CEE37E}.Debug|Any CPU.Build.0 = Debug|Any CPU
		{3765D647-AD25-4FD9-B7A0-14B8A5CEE37E}.Release|Any CPU.ActiveCfg = Release|Any CPU
		{3765D647-AD25-4FD9-B7A0-14B8A5CEE37E}.Release|Any CPU.Build.0 = Release|Any CPU
		{9AEBB366-1332-4329-80FC-9AD6F6C0E073}.Debug|Any CPU.ActiveCfg = Debug|Any CPU
		{9AEBB366-1332-4329-80FC-9AD6F6C0E073}.Debug|Any CPU.Build.0 = Debug|Any CPU
		{9AEBB366-1332-4329-80FC-9AD6F6C0E073}.Release|Any CPU.ActiveCfg = Release|Any CPU
		{9AEBB366-1332-4329-80FC-9AD6F6C0E073}.Release|Any CPU.Build.0 = Release|Any CPU
		{09DCA64D-22E8-4072-80D6-ABE8D0D0B365}.Debug|Any CPU.ActiveCfg = Debug|Any CPU
		{09DCA64D-22E8-4072-80D6-ABE8D0D0B365}.Debug|Any CPU.Build.0 = Debug|Any CPU
		{09DCA64D-22E8-4072-80D6-ABE8D0D0B365}.Release|Any CPU.ActiveCfg = Release|Any CPU
		{09DCA64D-22E8-4072-80D6-ABE8D0D0B365}.Release|Any CPU.Build.0 = Release|Any CPU
		{3487F2CC-05BB-45AB-B352-6033784BFBDB}.Debug|Any CPU.ActiveCfg = Debug|Any CPU
		{3487F2CC-05BB-45AB-B352-6033784BFBDB}.Debug|Any CPU.Build.0 = Debug|Any CPU
		{3487F2CC-05BB-45AB-B352-6033784BFBDB}.Release|Any CPU.ActiveCfg = Release|Any CPU
		{3487F2CC-05BB-45AB-B352-6033784BFBDB}.Release|Any CPU.Build.0 = Release|Any CPU
		{B805BB46-4F91-417B-AD61-6465D6EAD210}.Debug|Any CPU.ActiveCfg = Debug|Any CPU
		{B805BB46-4F91-417B-AD61-6465D6EAD210}.Debug|Any CPU.Build.0 = Debug|Any CPU
		{B805BB46-4F91-417B-AD61-6465D6EAD210}.Release|Any CPU.ActiveCfg = Release|Any CPU
		{B805BB46-4F91-417B-AD61-6465D6EAD210}.Release|Any CPU.Build.0 = Release|Any CPU
		{E4F92451-5DC3-412E-9A1E-13C9F35361BD}.Debug|Any CPU.ActiveCfg = Debug|Any CPU
		{E4F92451-5DC3-412E-9A1E-13C9F35361BD}.Debug|Any CPU.Build.0 = Debug|Any CPU
		{E4F92451-5DC3-412E-9A1E-13C9F35361BD}.Release|Any CPU.ActiveCfg = Release|Any CPU
		{E4F92451-5DC3-412E-9A1E-13C9F35361BD}.Release|Any CPU.Build.0 = Release|Any CPU
		{9B5D1ED1-6FDD-455E-AFBD-2B3E8CB7099F}.Debug|Any CPU.ActiveCfg = Debug|Any CPU
		{9B5D1ED1-6FDD-455E-AFBD-2B3E8CB7099F}.Debug|Any CPU.Build.0 = Debug|Any CPU
		{9B5D1ED1-6FDD-455E-AFBD-2B3E8CB7099F}.Release|Any CPU.ActiveCfg = Release|Any CPU
		{9B5D1ED1-6FDD-455E-AFBD-2B3E8CB7099F}.Release|Any CPU.Build.0 = Release|Any CPU
		{6E4CE906-06A1-41F8-ACBB-FFEC81A561D5}.Debug|Any CPU.ActiveCfg = Debug|Any CPU
		{6E4CE906-06A1-41F8-ACBB-FFEC81A561D5}.Debug|Any CPU.Build.0 = Debug|Any CPU
		{6E4CE906-06A1-41F8-ACBB-FFEC81A561D5}.Release|Any CPU.ActiveCfg = Release|Any CPU
		{6E4CE906-06A1-41F8-ACBB-FFEC81A561D5}.Release|Any CPU.Build.0 = Release|Any CPU
		{7A09C4ED-9BA0-44CE-ADD8-5EB09E99F079}.Debug|Any CPU.ActiveCfg = Debug|Any CPU
		{7A09C4ED-9BA0-44CE-ADD8-5EB09E99F079}.Debug|Any CPU.Build.0 = Debug|Any CPU
		{7A09C4ED-9BA0-44CE-ADD8-5EB09E99F079}.Release|Any CPU.ActiveCfg = Release|Any CPU
		{7A09C4ED-9BA0-44CE-ADD8-5EB09E99F079}.Release|Any CPU.Build.0 = Release|Any CPU
		{C6E02144-991E-4F18-866A-7B376D208AD9}.Debug|Any CPU.ActiveCfg = Debug|Any CPU
		{C6E02144-991E-4F18-866A-7B376D208AD9}.Debug|Any CPU.Build.0 = Debug|Any CPU
		{C6E02144-991E-4F18-866A-7B376D208AD9}.Release|Any CPU.ActiveCfg = Release|Any CPU
		{C6E02144-991E-4F18-866A-7B376D208AD9}.Release|Any CPU.Build.0 = Release|Any CPU
		{F3BA0CC5-1E4A-445A-9C44-76D41A8CF402}.Debug|Any CPU.ActiveCfg = Debug|Any CPU
		{F3BA0CC5-1E4A-445A-9C44-76D41A8CF402}.Debug|Any CPU.Build.0 = Debug|Any CPU
		{F3BA0CC5-1E4A-445A-9C44-76D41A8CF402}.Release|Any CPU.ActiveCfg = Release|Any CPU
		{F3BA0CC5-1E4A-445A-9C44-76D41A8CF402}.Release|Any CPU.Build.0 = Release|Any CPU
		{834D03E9-1E15-477B-8A1B-CF12F4B980AA}.Debug|Any CPU.ActiveCfg = Debug|Any CPU
		{834D03E9-1E15-477B-8A1B-CF12F4B980AA}.Debug|Any CPU.Build.0 = Debug|Any CPU
		{834D03E9-1E15-477B-8A1B-CF12F4B980AA}.Release|Any CPU.ActiveCfg = Release|Any CPU
		{834D03E9-1E15-477B-8A1B-CF12F4B980AA}.Release|Any CPU.Build.0 = Release|Any CPU
		{C2F1A373-BAD3-469A-B313-9B2D4B1DC55D}.Debug|Any CPU.ActiveCfg = Debug|Any CPU
		{C2F1A373-BAD3-469A-B313-9B2D4B1DC55D}.Debug|Any CPU.Build.0 = Debug|Any CPU
		{C2F1A373-BAD3-469A-B313-9B2D4B1DC55D}.Release|Any CPU.ActiveCfg = Release|Any CPU
		{C2F1A373-BAD3-469A-B313-9B2D4B1DC55D}.Release|Any CPU.Build.0 = Release|Any CPU
		{E702005D-975E-4EE9-BB03-78F18224261D}.Debug|Any CPU.ActiveCfg = Debug|Any CPU
		{E702005D-975E-4EE9-BB03-78F18224261D}.Debug|Any CPU.Build.0 = Debug|Any CPU
		{E702005D-975E-4EE9-BB03-78F18224261D}.Release|Any CPU.ActiveCfg = Release|Any CPU
		{E702005D-975E-4EE9-BB03-78F18224261D}.Release|Any CPU.Build.0 = Release|Any CPU
	EndGlobalSection
	GlobalSection(NestedProjects) = preSolution
		{E4F92451-5DC3-412E-9A1E-13C9F35361BD} = {03763A92-63B0-4FAB-977C-912970FBD71A}
		{3063632E-4C4F-4123-BF37-770D052EF458} = {F9F0F574-1E2E-4C47-9655-AB208372E12C}
		{6E4CE906-06A1-41F8-ACBB-FFEC81A561D5} = {03763A92-63B0-4FAB-977C-912970FBD71A}
		{C6E02144-991E-4F18-866A-7B376D208AD9} = {03763A92-63B0-4FAB-977C-912970FBD71A}
		{B805BB46-4F91-417B-AD61-6465D6EAD210} = {BA381B55-1E4F-4CF7-A38C-DACCCEA05D3F}
		{F3BA0CC5-1E4A-445A-9C44-76D41A8CF402} = {BA381B55-1E4F-4CF7-A38C-DACCCEA05D3F}
		{834D03E9-1E15-477B-8A1B-CF12F4B980AA} = {03763A92-63B0-4FAB-977C-912970FBD71A}
		{C2F1A373-BAD3-469A-B313-9B2D4B1DC55D} = {BA381B55-1E4F-4CF7-A38C-DACCCEA05D3F}
		{E702005D-975E-4EE9-BB03-78F18224261D} = {BA381B55-1E4F-4CF7-A38C-DACCCEA05D3F}
		{7A09C4ED-9BA0-44CE-ADD8-5EB09E99F079} = {30AD71A4-24CB-418B-906D-DA78DB326335}
		{CE0D36CB-0749-4595-A666-C5E45ADD03BA} = {F9F0F574-1E2E-4C47-9655-AB208372E12C}
		{9B5D1ED1-6FDD-455E-AFBD-2B3E8CB7099F} = {0B67D126-F056-4B3A-87B4-ACD195C91E0A}
	EndGlobalSection
EndGlobal
